// !$*UTF8*$!
{
	archiveVersion = 1;
	classes = {
	};
	objectVersion = 56;
	objects = {

/* Begin PBXBuildFile section */
		7237D4F12BD811B800487F93 /* TasteBudAppApp.swift in Sources */ = {isa = PBXBuildFile; fileRef = 7237D4F02BD811B800487F93 /* TasteBudAppApp.swift */; };
		7237D4F32BD811B800487F93 /* ContentView.swift in Sources */ = {isa = PBXBuildFile; fileRef = 7237D4F22BD811B800487F93 /* ContentView.swift */; };
		7237D4F52BD811B900487F93 /* Assets.xcassets in Resources */ = {isa = PBXBuildFile; fileRef = 7237D4F42BD811B900487F93 /* Assets.xcassets */; };
		7237D4F82BD811B900487F93 /* Preview Assets.xcassets in Resources */ = {isa = PBXBuildFile; fileRef = 7237D4F72BD811B900487F93 /* Preview Assets.xcassets */; };
		7237D5022BD811B900487F93 /* TasteBudAppTests.swift in Sources */ = {isa = PBXBuildFile; fileRef = 7237D5012BD811B900487F93 /* TasteBudAppTests.swift */; };
		7237D50C2BD811B900487F93 /* TasteBudAppUITests.swift in Sources */ = {isa = PBXBuildFile; fileRef = 7237D50B2BD811B900487F93 /* TasteBudAppUITests.swift */; };
		7237D50E2BD811B900487F93 /* TasteBudAppUITestsLaunchTests.swift in Sources */ = {isa = PBXBuildFile; fileRef = 7237D50D2BD811B900487F93 /* TasteBudAppUITestsLaunchTests.swift */; };
/* End PBXBuildFile section */

/* Begin PBXContainerItemProxy section */
		7237D4FE2BD811B900487F93 /* PBXContainerItemProxy */ = {
			isa = PBXContainerItemProxy;
			containerPortal = 7237D4E52BD811B800487F93 /* Project object */;
			proxyType = 1;
			remoteGlobalIDString = 7237D4EC2BD811B800487F93;
			remoteInfo = TasteBudApp;
		};
		7237D5082BD811B900487F93 /* PBXContainerItemProxy */ = {
			isa = PBXContainerItemProxy;
			containerPortal = 7237D4E52BD811B800487F93 /* Project object */;
			proxyType = 1;
			remoteGlobalIDString = 7237D4EC2BD811B800487F93;
			remoteInfo = TasteBudApp;
		};
/* End PBXContainerItemProxy section */

/* Begin PBXFileReference section */
		7237D4ED2BD811B800487F93 /* TasteBudApp.app */ = {isa = PBXFileReference; explicitFileType = wrapper.application; includeInIndex = 0; path = TasteBudApp.app; sourceTree = BUILT_PRODUCTS_DIR; };
		7237D4F02BD811B800487F93 /* TasteBudAppApp.swift */ = {isa = PBXFileReference; lastKnownFileType = sourcecode.swift; path = TasteBudAppApp.swift; sourceTree = "<group>"; };
		7237D4F22BD811B800487F93 /* ContentView.swift */ = {isa = PBXFileReference; lastKnownFileType = sourcecode.swift; path = ContentView.swift; sourceTree = "<group>"; };
		7237D4F42BD811B900487F93 /* Assets.xcassets */ = {isa = PBXFileReference; lastKnownFileType = folder.assetcatalog; path = Assets.xcassets; sourceTree = "<group>"; };
		7237D4F72BD811B900487F93 /* Preview Assets.xcassets */ = {isa = PBXFileReference; lastKnownFileType = folder.assetcatalog; path = "Preview Assets.xcassets"; sourceTree = "<group>"; };
		7237D4FD2BD811B900487F93 /* TasteBudAppTests.xctest */ = {isa = PBXFileReference; explicitFileType = wrapper.cfbundle; includeInIndex = 0; path = TasteBudAppTests.xctest; sourceTree = BUILT_PRODUCTS_DIR; };
		7237D5012BD811B900487F93 /* TasteBudAppTests.swift */ = {isa = PBXFileReference; lastKnownFileType = sourcecode.swift; path = TasteBudAppTests.swift; sourceTree = "<group>"; };
		7237D5072BD811B900487F93 /* TasteBudAppUITests.xctest */ = {isa = PBXFileReference; explicitFileType = wrapper.cfbundle; includeInIndex = 0; path = TasteBudAppUITests.xctest; sourceTree = BUILT_PRODUCTS_DIR; };
		7237D50B2BD811B900487F93 /* TasteBudAppUITests.swift */ = {isa = PBXFileReference; lastKnownFileType = sourcecode.swift; path = TasteBudAppUITests.swift; sourceTree = "<group>"; };
		7237D50D2BD811B900487F93 /* TasteBudAppUITestsLaunchTests.swift */ = {isa = PBXFileReference; lastKnownFileType = sourcecode.swift; path = TasteBudAppUITestsLaunchTests.swift; sourceTree = "<group>"; };
/* End PBXFileReference section */

/* Begin PBXFrameworksBuildPhase section */
		7237D4EA2BD811B800487F93 /* Frameworks */ = {
			isa = PBXFrameworksBuildPhase;
			buildActionMask = 2147483647;
			files = (
			);
			runOnlyForDeploymentPostprocessing = 0;
		};
		7237D4FA2BD811B900487F93 /* Frameworks */ = {
			isa = PBXFrameworksBuildPhase;
			buildActionMask = 2147483647;
			files = (
			);
			runOnlyForDeploymentPostprocessing = 0;
		};
		7237D5042BD811B900487F93 /* Frameworks */ = {
			isa = PBXFrameworksBuildPhase;
			buildActionMask = 2147483647;
			files = (
			);
			runOnlyForDeploymentPostprocessing = 0;
		};
/* End PBXFrameworksBuildPhase section */

/* Begin PBXGroup section */
		7237D4E42BD811B800487F93 = {
			isa = PBXGroup;
			children = (
				7237D4EF2BD811B800487F93 /* TasteBudApp */,
				7237D5002BD811B900487F93 /* TasteBudAppTests */,
				7237D50A2BD811B900487F93 /* TasteBudAppUITests */,
				7237D4EE2BD811B800487F93 /* Products */,
			);
			sourceTree = "<group>";
		};
		7237D4EE2BD811B800487F93 /* Products */ = {
			isa = PBXGroup;
			children = (
				7237D4ED2BD811B800487F93 /* TasteBudApp.app */,
				7237D4FD2BD811B900487F93 /* TasteBudAppTests.xctest */,
				7237D5072BD811B900487F93 /* TasteBudAppUITests.xctest */,
			);
			name = Products;
			sourceTree = "<group>";
		};
		7237D4EF2BD811B800487F93 /* TasteBudApp */ = {
			isa = PBXGroup;
			children = (
				7237D4F02BD811B800487F93 /* TasteBudAppApp.swift */,
				7237D4F22BD811B800487F93 /* ContentView.swift */,
				7237D4F42BD811B900487F93 /* Assets.xcassets */,
				7237D4F62BD811B900487F93 /* Preview Content */,
			);
			path = TasteBudApp;
			sourceTree = "<group>";
		};
		7237D4F62BD811B900487F93 /* Preview Content */ = {
			isa = PBXGroup;
			children = (
				7237D4F72BD811B900487F93 /* Preview Assets.xcassets */,
			);
			path = "Preview Content";
			sourceTree = "<group>";
		};
		7237D5002BD811B900487F93 /* TasteBudAppTests */ = {
			isa = PBXGroup;
			children = (
				7237D5012BD811B900487F93 /* TasteBudAppTests.swift */,
			);
			path = TasteBudAppTests;
			sourceTree = "<group>";
		};
		7237D50A2BD811B900487F93 /* TasteBudAppUITests */ = {
			isa = PBXGroup;
			children = (
				7237D50B2BD811B900487F93 /* TasteBudAppUITests.swift */,
				7237D50D2BD811B900487F93 /* TasteBudAppUITestsLaunchTests.swift */,
			);
			path = TasteBudAppUITests;
			sourceTree = "<group>";
		};
/* End PBXGroup section */

/* Begin PBXNativeTarget section */
		7237D4EC2BD811B800487F93 /* TasteBudApp */ = {
			isa = PBXNativeTarget;
			buildConfigurationList = 7237D5112BD811B900487F93 /* Build configuration list for PBXNativeTarget "TasteBudApp" */;
			buildPhases = (
				7237D4E92BD811B800487F93 /* Sources */,
				7237D4EA2BD811B800487F93 /* Frameworks */,
				7237D4EB2BD811B800487F93 /* Resources */,
			);
			buildRules = (
			);
			dependencies = (
			);
			name = TasteBudApp;
			productName = TasteBudApp;
			productReference = 7237D4ED2BD811B800487F93 /* TasteBudApp.app */;
			productType = "com.apple.product-type.application";
		};
		7237D4FC2BD811B900487F93 /* TasteBudAppTests */ = {
			isa = PBXNativeTarget;
			buildConfigurationList = 7237D5142BD811B900487F93 /* Build configuration list for PBXNativeTarget "TasteBudAppTests" */;
			buildPhases = (
				7237D4F92BD811B900487F93 /* Sources */,
				7237D4FA2BD811B900487F93 /* Frameworks */,
				7237D4FB2BD811B900487F93 /* Resources */,
			);
			buildRules = (
			);
			dependencies = (
				7237D4FF2BD811B900487F93 /* PBXTargetDependency */,
			);
			name = TasteBudAppTests;
			productName = TasteBudAppTests;
			productReference = 7237D4FD2BD811B900487F93 /* TasteBudAppTests.xctest */;
			productType = "com.apple.product-type.bundle.unit-test";
		};
		7237D5062BD811B900487F93 /* TasteBudAppUITests */ = {
			isa = PBXNativeTarget;
			buildConfigurationList = 7237D5172BD811B900487F93 /* Build configuration list for PBXNativeTarget "TasteBudAppUITests" */;
			buildPhases = (
				7237D5032BD811B900487F93 /* Sources */,
				7237D5042BD811B900487F93 /* Frameworks */,
				7237D5052BD811B900487F93 /* Resources */,
			);
			buildRules = (
			);
			dependencies = (
				7237D5092BD811B900487F93 /* PBXTargetDependency */,
			);
			name = TasteBudAppUITests;
			productName = TasteBudAppUITests;
			productReference = 7237D5072BD811B900487F93 /* TasteBudAppUITests.xctest */;
			productType = "com.apple.product-type.bundle.ui-testing";
		};
/* End PBXNativeTarget section */

/* Begin PBXProject section */
		7237D4E52BD811B800487F93 /* Project object */ = {
			isa = PBXProject;
			attributes = {
				BuildIndependentTargetsInParallel = 1;
				LastSwiftUpdateCheck = 1530;
				LastUpgradeCheck = 1530;
				TargetAttributes = {
					7237D4EC2BD811B800487F93 = {
						CreatedOnToolsVersion = 15.3;
					};
					7237D4FC2BD811B900487F93 = {
						CreatedOnToolsVersion = 15.3;
						TestTargetID = 7237D4EC2BD811B800487F93;
					};
					7237D5062BD811B900487F93 = {
						CreatedOnToolsVersion = 15.3;
						TestTargetID = 7237D4EC2BD811B800487F93;
					};
				};
			};
			buildConfigurationList = 7237D4E82BD811B800487F93 /* Build configuration list for PBXProject "TasteBudApp" */;
			compatibilityVersion = "Xcode 14.0";
			developmentRegion = en;
			hasScannedForEncodings = 0;
			knownRegions = (
				en,
				Base,
			);
			mainGroup = 7237D4E42BD811B800487F93;
			productRefGroup = 7237D4EE2BD811B800487F93 /* Products */;
			projectDirPath = "";
			projectRoot = "";
			targets = (
				7237D4EC2BD811B800487F93 /* TasteBudApp */,
				7237D4FC2BD811B900487F93 /* TasteBudAppTests */,
				7237D5062BD811B900487F93 /* TasteBudAppUITests */,
			);
		};
/* End PBXProject section */

/* Begin PBXResourcesBuildPhase section */
		7237D4EB2BD811B800487F93 /* Resources */ = {
			isa = PBXResourcesBuildPhase;
			buildActionMask = 2147483647;
			files = (
				7237D4F82BD811B900487F93 /* Preview Assets.xcassets in Resources */,
				7237D4F52BD811B900487F93 /* Assets.xcassets in Resources */,
			);
			runOnlyForDeploymentPostprocessing = 0;
		};
		7237D4FB2BD811B900487F93 /* Resources */ = {
			isa = PBXResourcesBuildPhase;
			buildActionMask = 2147483647;
			files = (
			);
			runOnlyForDeploymentPostprocessing = 0;
		};
		7237D5052BD811B900487F93 /* Resources */ = {
			isa = PBXResourcesBuildPhase;
			buildActionMask = 2147483647;
			files = (
			);
			runOnlyForDeploymentPostprocessing = 0;
		};
/* End PBXResourcesBuildPhase section */

/* Begin PBXSourcesBuildPhase section */
		7237D4E92BD811B800487F93 /* Sources */ = {
			isa = PBXSourcesBuildPhase;
			buildActionMask = 2147483647;
			files = (
				7237D4F32BD811B800487F93 /* ContentView.swift in Sources */,
				7237D4F12BD811B800487F93 /* TasteBudAppApp.swift in Sources */,
			);
			runOnlyForDeploymentPostprocessing = 0;
		};
		7237D4F92BD811B900487F93 /* Sources */ = {
			isa = PBXSourcesBuildPhase;
			buildActionMask = 2147483647;
			files = (
				7237D5022BD811B900487F93 /* TasteBudAppTests.swift in Sources */,
			);
			runOnlyForDeploymentPostprocessing = 0;
		};
		7237D5032BD811B900487F93 /* Sources */ = {
			isa = PBXSourcesBuildPhase;
			buildActionMask = 2147483647;
			files = (
				7237D50E2BD811B900487F93 /* TasteBudAppUITestsLaunchTests.swift in Sources */,
				7237D50C2BD811B900487F93 /* TasteBudAppUITests.swift in Sources */,
			);
			runOnlyForDeploymentPostprocessing = 0;
		};
/* End PBXSourcesBuildPhase section */

/* Begin PBXTargetDependency section */
		7237D4FF2BD811B900487F93 /* PBXTargetDependency */ = {
			isa = PBXTargetDependency;
			target = 7237D4EC2BD811B800487F93 /* TasteBudApp */;
			targetProxy = 7237D4FE2BD811B900487F93 /* PBXContainerItemProxy */;
		};
		7237D5092BD811B900487F93 /* PBXTargetDependency */ = {
			isa = PBXTargetDependency;
			target = 7237D4EC2BD811B800487F93 /* TasteBudApp */;
			targetProxy = 7237D5082BD811B900487F93 /* PBXContainerItemProxy */;
		};
/* End PBXTargetDependency section */

/* Begin XCBuildConfiguration section */
		7237D50F2BD811B900487F93 /* Debug */ = {
			isa = XCBuildConfiguration;
			buildSettings = {
				ALWAYS_SEARCH_USER_PATHS = NO;
				ASSETCATALOG_COMPILER_GENERATE_SWIFT_ASSET_SYMBOL_EXTENSIONS = YES;
				CLANG_ANALYZER_NONNULL = YES;
				CLANG_ANALYZER_NUMBER_OBJECT_CONVERSION = YES_AGGRESSIVE;
				CLANG_CXX_LANGUAGE_STANDARD = "gnu++20";
				CLANG_ENABLE_MODULES = YES;
				CLANG_ENABLE_OBJC_ARC = YES;
				CLANG_ENABLE_OBJC_WEAK = YES;
				CLANG_WARN_BLOCK_CAPTURE_AUTORELEASING = YES;
				CLANG_WARN_BOOL_CONVERSION = YES;
				CLANG_WARN_COMMA = YES;
				CLANG_WARN_CONSTANT_CONVERSION = YES;
				CLANG_WARN_DEPRECATED_OBJC_IMPLEMENTATIONS = YES;
				CLANG_WARN_DIRECT_OBJC_ISA_USAGE = YES_ERROR;
				CLANG_WARN_DOCUMENTATION_COMMENTS = YES;
				CLANG_WARN_EMPTY_BODY = YES;
				CLANG_WARN_ENUM_CONVERSION = YES;
				CLANG_WARN_INFINITE_RECURSION = YES;
				CLANG_WARN_INT_CONVERSION = YES;
				CLANG_WARN_NON_LITERAL_NULL_CONVERSION = YES;
				CLANG_WARN_OBJC_IMPLICIT_RETAIN_SELF = YES;
				CLANG_WARN_OBJC_LITERAL_CONVERSION = YES;
				CLANG_WARN_OBJC_ROOT_CLASS = YES_ERROR;
				CLANG_WARN_QUOTED_INCLUDE_IN_FRAMEWORK_HEADER = YES;
				CLANG_WARN_RANGE_LOOP_ANALYSIS = YES;
				CLANG_WARN_STRICT_PROTOTYPES = YES;
				CLANG_WARN_SUSPICIOUS_MOVE = YES;
				CLANG_WARN_UNGUARDED_AVAILABILITY = YES_AGGRESSIVE;
				CLANG_WARN_UNREACHABLE_CODE = YES;
				CLANG_WARN__DUPLICATE_METHOD_MATCH = YES;
				COPY_PHASE_STRIP = NO;
				DEBUG_INFORMATION_FORMAT = dwarf;
				ENABLE_STRICT_OBJC_MSGSEND = YES;
				ENABLE_TESTABILITY = YES;
				ENABLE_USER_SCRIPT_SANDBOXING = YES;
				GCC_C_LANGUAGE_STANDARD = gnu17;
				GCC_DYNAMIC_NO_PIC = NO;
				GCC_NO_COMMON_BLOCKS = YES;
				GCC_OPTIMIZATION_LEVEL = 0;
				GCC_PREPROCESSOR_DEFINITIONS = (
					"DEBUG=1",
					"$(inherited)",
				);
				GCC_WARN_64_TO_32_BIT_CONVERSION = YES;
				GCC_WARN_ABOUT_RETURN_TYPE = YES_ERROR;
				GCC_WARN_UNDECLARED_SELECTOR = YES;
				GCC_WARN_UNINITIALIZED_AUTOS = YES_AGGRESSIVE;
				GCC_WARN_UNUSED_FUNCTION = YES;
				GCC_WARN_UNUSED_VARIABLE = YES;
				IPHONEOS_DEPLOYMENT_TARGET = 17.4;
				LOCALIZATION_PREFERS_STRING_CATALOGS = YES;
				MTL_ENABLE_DEBUG_INFO = INCLUDE_SOURCE;
				MTL_FAST_MATH = YES;
				ONLY_ACTIVE_ARCH = YES;
				SDKROOT = iphoneos;
				SWIFT_ACTIVE_COMPILATION_CONDITIONS = "DEBUG $(inherited)";
				SWIFT_OPTIMIZATION_LEVEL = "-Onone";
			};
			name = Debug;
		};
		7237D5102BD811B900487F93 /* Release */ = {
			isa = XCBuildConfiguration;
			buildSettings = {
				ALWAYS_SEARCH_USER_PATHS = NO;
				ASSETCATALOG_COMPILER_GENERATE_SWIFT_ASSET_SYMBOL_EXTENSIONS = YES;
				CLANG_ANALYZER_NONNULL = YES;
				CLANG_ANALYZER_NUMBER_OBJECT_CONVERSION = YES_AGGRESSIVE;
				CLANG_CXX_LANGUAGE_STANDARD = "gnu++20";
				CLANG_ENABLE_MODULES = YES;
				CLANG_ENABLE_OBJC_ARC = YES;
				CLANG_ENABLE_OBJC_WEAK = YES;
				CLANG_WARN_BLOCK_CAPTURE_AUTORELEASING = YES;
				CLANG_WARN_BOOL_CONVERSION = YES;
				CLANG_WARN_COMMA = YES;
				CLANG_WARN_CONSTANT_CONVERSION = YES;
				CLANG_WARN_DEPRECATED_OBJC_IMPLEMENTATIONS = YES;
				CLANG_WARN_DIRECT_OBJC_ISA_USAGE = YES_ERROR;
				CLANG_WARN_DOCUMENTATION_COMMENTS = YES;
				CLANG_WARN_EMPTY_BODY = YES;
				CLANG_WARN_ENUM_CONVERSION = YES;
				CLANG_WARN_INFINITE_RECURSION = YES;
				CLANG_WARN_INT_CONVERSION = YES;
				CLANG_WARN_NON_LITERAL_NULL_CONVERSION = YES;
				CLANG_WARN_OBJC_IMPLICIT_RETAIN_SELF = YES;
				CLANG_WARN_OBJC_LITERAL_CONVERSION = YES;
				CLANG_WARN_OBJC_ROOT_CLASS = YES_ERROR;
				CLANG_WARN_QUOTED_INCLUDE_IN_FRAMEWORK_HEADER = YES;
				CLANG_WARN_RANGE_LOOP_ANALYSIS = YES;
				CLANG_WARN_STRICT_PROTOTYPES = YES;
				CLANG_WARN_SUSPICIOUS_MOVE = YES;
				CLANG_WARN_UNGUARDED_AVAILABILITY = YES_AGGRESSIVE;
				CLANG_WARN_UNREACHABLE_CODE = YES;
				CLANG_WARN__DUPLICATE_METHOD_MATCH = YES;
				COPY_PHASE_STRIP = NO;
				DEBUG_INFORMATION_FORMAT = "dwarf-with-dsym";
				ENABLE_NS_ASSERTIONS = NO;
				ENABLE_STRICT_OBJC_MSGSEND = YES;
				ENABLE_USER_SCRIPT_SANDBOXING = YES;
				GCC_C_LANGUAGE_STANDARD = gnu17;
				GCC_NO_COMMON_BLOCKS = YES;
				GCC_WARN_64_TO_32_BIT_CONVERSION = YES;
				GCC_WARN_ABOUT_RETURN_TYPE = YES_ERROR;
				GCC_WARN_UNDECLARED_SELECTOR = YES;
				GCC_WARN_UNINITIALIZED_AUTOS = YES_AGGRESSIVE;
				GCC_WARN_UNUSED_FUNCTION = YES;
				GCC_WARN_UNUSED_VARIABLE = YES;
				IPHONEOS_DEPLOYMENT_TARGET = 17.4;
				LOCALIZATION_PREFERS_STRING_CATALOGS = YES;
				MTL_ENABLE_DEBUG_INFO = NO;
				MTL_FAST_MATH = YES;
				SDKROOT = iphoneos;
				SWIFT_COMPILATION_MODE = wholemodule;
				VALIDATE_PRODUCT = YES;
			};
			name = Release;
		};
		7237D5122BD811B900487F93 /* Debug */ = {
			isa = XCBuildConfiguration;
			buildSettings = {
				ASSETCATALOG_COMPILER_APPICON_NAME = AppIcon;
				ASSETCATALOG_COMPILER_GLOBAL_ACCENT_COLOR_NAME = AccentColor;
				CODE_SIGN_STYLE = Automatic;
				CURRENT_PROJECT_VERSION = 1;
				DEVELOPMENT_ASSET_PATHS = "\"TasteBudApp/Preview Content\"";
				DEVELOPMENT_TEAM = QHT7J2C5K8;
				ENABLE_PREVIEWS = YES;
				GENERATE_INFOPLIST_FILE = YES;
				INFOPLIST_KEY_UIApplicationSceneManifest_Generation = YES;
				INFOPLIST_KEY_UIApplicationSupportsIndirectInputEvents = YES;
				INFOPLIST_KEY_UILaunchScreen_Generation = YES;
				INFOPLIST_KEY_UISupportedInterfaceOrientations_iPad = "UIInterfaceOrientationPortrait UIInterfaceOrientationPortraitUpsideDown UIInterfaceOrientationLandscapeLeft UIInterfaceOrientationLandscapeRight";
				INFOPLIST_KEY_UISupportedInterfaceOrientations_iPhone = "UIInterfaceOrientationPortrait UIInterfaceOrientationLandscapeLeft UIInterfaceOrientationLandscapeRight";
				LD_RUNPATH_SEARCH_PATHS = (
					"$(inherited)",
					"@executable_path/Frameworks",
				);
				MARKETING_VERSION = 1.0;
				PRODUCT_BUNDLE_IDENTIFIER = tekinbora.com.TasteBudApp;
				PRODUCT_NAME = "$(TARGET_NAME)";
				SWIFT_EMIT_LOC_STRINGS = YES;
				SWIFT_VERSION = 5.0;
				TARGETED_DEVICE_FAMILY = "1,2";
			};
			name = Debug;
		};
		7237D5132BD811B900487F93 /* Release */ = {
			isa = XCBuildConfiguration;
			buildSettings = {
				ASSETCATALOG_COMPILER_APPICON_NAME = AppIcon;
				ASSETCATALOG_COMPILER_GLOBAL_ACCENT_COLOR_NAME = AccentColor;
				CODE_SIGN_STYLE = Automatic;
				CURRENT_PROJECT_VERSION = 1;
				DEVELOPMENT_ASSET_PATHS = "\"TasteBudApp/Preview Content\"";
				DEVELOPMENT_TEAM = QHT7J2C5K8;
				ENABLE_PREVIEWS = YES;
				GENERATE_INFOPLIST_FILE = YES;
				INFOPLIST_KEY_UIApplicationSceneManifest_Generation = YES;
				INFOPLIST_KEY_UIApplicationSupportsIndirectInputEvents = YES;
				INFOPLIST_KEY_UILaunchScreen_Generation = YES;
				INFOPLIST_KEY_UISupportedInterfaceOrientations_iPad = "UIInterfaceOrientationPortrait UIInterfaceOrientationPortraitUpsideDown UIInterfaceOrientationLandscapeLeft UIInterfaceOrientationLandscapeRight";
				INFOPLIST_KEY_UISupportedInterfaceOrientations_iPhone = "UIInterfaceOrientationPortrait UIInterfaceOrientationLandscapeLeft UIInterfaceOrientationLandscapeRight";
				LD_RUNPATH_SEARCH_PATHS = (
					"$(inherited)",
					"@executable_path/Frameworks",
				);
				MARKETING_VERSION = 1.0;
				PRODUCT_BUNDLE_IDENTIFIER = tekinbora.com.TasteBudApp;
				PRODUCT_NAME = "$(TARGET_NAME)";
				SWIFT_EMIT_LOC_STRINGS = YES;
				SWIFT_VERSION = 5.0;
				TARGETED_DEVICE_FAMILY = "1,2";
			};
			name = Release;
		};
		7237D5152BD811B900487F93 /* Debug */ = {
			isa = XCBuildConfiguration;
			buildSettings = {
				ALWAYS_EMBED_SWIFT_STANDARD_LIBRARIES = YES;
				BUNDLE_LOADER = "$(TEST_HOST)";
				CODE_SIGN_STYLE = Automatic;
				CURRENT_PROJECT_VERSION = 1;
				DEVELOPMENT_TEAM = QHT7J2C5K8;
				GENERATE_INFOPLIST_FILE = YES;
				IPHONEOS_DEPLOYMENT_TARGET = 17.4;
				MARKETING_VERSION = 1.0;
				PRODUCT_BUNDLE_IDENTIFIER = tekinbora.com.TasteBudAppTests;
				PRODUCT_NAME = "$(TARGET_NAME)";
				SWIFT_EMIT_LOC_STRINGS = NO;
				SWIFT_VERSION = 5.0;
				TARGETED_DEVICE_FAMILY = "1,2";
				TEST_HOST = "$(BUILT_PRODUCTS_DIR)/TasteBudApp.app/$(BUNDLE_EXECUTABLE_FOLDER_PATH)/TasteBudApp";
			};
			name = Debug;
		};
		7237D5162BD811B900487F93 /* Release */ = {
			isa = XCBuildConfiguration;
			buildSettings = {
				ALWAYS_EMBED_SWIFT_STANDARD_LIBRARIES = YES;
				BUNDLE_LOADER = "$(TEST_HOST)";
				CODE_SIGN_STYLE = Automatic;
				CURRENT_PROJECT_VERSION = 1;
				DEVELOPMENT_TEAM = QHT7J2C5K8;
				GENERATE_INFOPLIST_FILE = YES;
				IPHONEOS_DEPLOYMENT_TARGET = 17.4;
				MARKETING_VERSION = 1.0;
				PRODUCT_BUNDLE_IDENTIFIER = tekinbora.com.TasteBudAppTests;
				PRODUCT_NAME = "$(TARGET_NAME)";
				SWIFT_EMIT_LOC_STRINGS = NO;
				SWIFT_VERSION = 5.0;
				TARGETED_DEVICE_FAMILY = "1,2";
				TEST_HOST = "$(BUILT_PRODUCTS_DIR)/TasteBudApp.app/$(BUNDLE_EXECUTABLE_FOLDER_PATH)/TasteBudApp";
			};
			name = Release;
		};
		7237D5182BD811B900487F93 /* Debug */ = {
			isa = XCBuildConfiguration;
			buildSettings = {
				ALWAYS_EMBED_SWIFT_STANDARD_LIBRARIES = YES;
				CODE_SIGN_STYLE = Automatic;
				CURRENT_PROJECT_VERSION = 1;
				DEVELOPMENT_TEAM = QHT7J2C5K8;
				GENERATE_INFOPLIST_FILE = YES;
				MARKETING_VERSION = 1.0;
				PRODUCT_BUNDLE_IDENTIFIER = tekinbora.com.TasteBudAppUITests;
				PRODUCT_NAME = "$(TARGET_NAME)";
				SWIFT_EMIT_LOC_STRINGS = NO;
				SWIFT_VERSION = 5.0;
				TARGETED_DEVICE_FAMILY = "1,2";
				TEST_TARGET_NAME = TasteBudApp;
			};
			name = Debug;
		};
		7237D5192BD811B900487F93 /* Release */ = {
			isa = XCBuildConfiguration;
			buildSettings = {
				ALWAYS_EMBED_SWIFT_STANDARD_LIBRARIES = YES;
				CODE_SIGN_STYLE = Automatic;
				CURRENT_PROJECT_VERSION = 1;
				DEVELOPMENT_TEAM = QHT7J2C5K8;
				GENERATE_INFOPLIST_FILE = YES;
				MARKETING_VERSION = 1.0;
				PRODUCT_BUNDLE_IDENTIFIER = tekinbora.com.TasteBudAppUITests;
				PRODUCT_NAME = "$(TARGET_NAME)";
				SWIFT_EMIT_LOC_STRINGS = NO;
				SWIFT_VERSION = 5.0;
				TARGETED_DEVICE_FAMILY = "1,2";
				TEST_TARGET_NAME = TasteBudApp;
			};
			name = Release;
		};
/* End XCBuildConfiguration section */

/* Begin XCConfigurationList section */
		7237D4E82BD811B800487F93 /* Build configuration list for PBXProject "TasteBudApp" */ = {
			isa = XCConfigurationList;
			buildConfigurations = (
				7237D50F2BD811B900487F93 /* Debug */,
				7237D5102BD811B900487F93 /* Release */,
			);
			defaultConfigurationIsVisible = 0;
			defaultConfigurationName = Release;
		};
		7237D5112BD811B900487F93 /* Build configuration list for PBXNativeTarget "TasteBudApp" */ = {
			isa = XCConfigurationList;
			buildConfigurations = (
				7237D5122BD811B900487F93 /* Debug */,
				7237D5132BD811B900487F93 /* Release */,
			);
			defaultConfigurationIsVisible = 0;
			defaultConfigurationName = Release;
		};
		7237D5142BD811B900487F93 /* Build configuration list for PBXNativeTarget "TasteBudAppTests" */ = {
			isa = XCConfigurationList;
			buildConfigurations = (
				7237D5152BD811B900487F93 /* Debug */,
				7237D5162BD811B900487F93 /* Release */,
			);
			defaultConfigurationIsVisible = 0;
			defaultConfigurationName = Release;
		};
		7237D5172BD811B900487F93 /* Build configuration list for PBXNativeTarget "TasteBudAppUITests" */ = {
			isa = XCConfigurationList;
			buildConfigurations = (
				7237D5182BD811B900487F93 /* Debug */,
				7237D5192BD811B900487F93 /* Release */,
			);
			defaultConfigurationIsVisible = 0;
			defaultConfigurationName = Release;
		};
/* End XCConfigurationList section */
	};
	rootObject = 7237D4E52BD811B800487F93 /* Project object */;
}
